// !$*UTF8*$!
{
	archiveVersion = 1;
	classes = {
	};
	objectVersion = 56;
	objects = {

/* Begin PBXBuildFile section */
		9DC08AF82BF6328000F6BB1B /* AppDelegate.swift in Sources */ = {isa = PBXBuildFile; fileRef = 9DC08AF72BF6328000F6BB1B /* AppDelegate.swift */; };
		9DC08AFA2BF6328000F6BB1B /* SceneDelegate.swift in Sources */ = {isa = PBXBuildFile; fileRef = 9DC08AF92BF6328000F6BB1B /* SceneDelegate.swift */; };
		9DC08AFC2BF6328000F6BB1B /* ViewController.swift in Sources */ = {isa = PBXBuildFile; fileRef = 9DC08AFB2BF6328000F6BB1B /* ViewController.swift */; };
		9DC08AFF2BF6328000F6BB1B /* Main.storyboard in Resources */ = {isa = PBXBuildFile; fileRef = 9DC08AFD2BF6328000F6BB1B /* Main.storyboard */; };
		9DC08B012BF6328100F6BB1B /* Assets.xcassets in Resources */ = {isa = PBXBuildFile; fileRef = 9DC08B002BF6328100F6BB1B /* Assets.xcassets */; };
		9DC08B042BF6328100F6BB1B /* LaunchScreen.storyboard in Resources */ = {isa = PBXBuildFile; fileRef = 9DC08B022BF6328100F6BB1B /* LaunchScreen.storyboard */; };
		9DC08B0F2BF6328100F6BB1B /* strada_submitTests.swift in Sources */ = {isa = PBXBuildFile; fileRef = 9DC08B0E2BF6328100F6BB1B /* strada_submitTests.swift */; };
		9DC08B192BF6328100F6BB1B /* strada_submitUITests.swift in Sources */ = {isa = PBXBuildFile; fileRef = 9DC08B182BF6328100F6BB1B /* strada_submitUITests.swift */; };
		9DC08B1B2BF6328100F6BB1B /* strada_submitUITestsLaunchTests.swift in Sources */ = {isa = PBXBuildFile; fileRef = 9DC08B1A2BF6328100F6BB1B /* strada_submitUITestsLaunchTests.swift */; };
/* End PBXBuildFile section */

/* Begin PBXContainerItemProxy section */
		9DC08B0B2BF6328100F6BB1B /* PBXContainerItemProxy */ = {
			isa = PBXContainerItemProxy;
			containerPortal = 9DC08AEC2BF6328000F6BB1B /* Project object */;
			proxyType = 1;
			remoteGlobalIDString = 9DC08AF32BF6328000F6BB1B;
			remoteInfo = "strada-submit";
		};
		9DC08B152BF6328100F6BB1B /* PBXContainerItemProxy */ = {
			isa = PBXContainerItemProxy;
			containerPortal = 9DC08AEC2BF6328000F6BB1B /* Project object */;
			proxyType = 1;
			remoteGlobalIDString = 9DC08AF32BF6328000F6BB1B;
			remoteInfo = "strada-submit";
		};
/* End PBXContainerItemProxy section */

/* Begin PBXFileReference section */
		9DC08AF42BF6328000F6BB1B /* strada-submit.app */ = {isa = PBXFileReference; explicitFileType = wrapper.application; includeInIndex = 0; path = "strada-submit.app"; sourceTree = BUILT_PRODUCTS_DIR; };
		9DC08AF72BF6328000F6BB1B /* AppDelegate.swift */ = {isa = PBXFileReference; lastKnownFileType = sourcecode.swift; path = AppDelegate.swift; sourceTree = "<group>"; };
		9DC08AF92BF6328000F6BB1B /* SceneDelegate.swift */ = {isa = PBXFileReference; lastKnownFileType = sourcecode.swift; path = SceneDelegate.swift; sourceTree = "<group>"; };
		9DC08AFB2BF6328000F6BB1B /* ViewController.swift */ = {isa = PBXFileReference; lastKnownFileType = sourcecode.swift; path = ViewController.swift; sourceTree = "<group>"; };
		9DC08AFE2BF6328000F6BB1B /* Base */ = {isa = PBXFileReference; lastKnownFileType = file.storyboard; name = Base; path = Base.lproj/Main.storyboard; sourceTree = "<group>"; };
		9DC08B002BF6328100F6BB1B /* Assets.xcassets */ = {isa = PBXFileReference; lastKnownFileType = folder.assetcatalog; path = Assets.xcassets; sourceTree = "<group>"; };
		9DC08B032BF6328100F6BB1B /* Base */ = {isa = PBXFileReference; lastKnownFileType = file.storyboard; name = Base; path = Base.lproj/LaunchScreen.storyboard; sourceTree = "<group>"; };
		9DC08B052BF6328100F6BB1B /* Info.plist */ = {isa = PBXFileReference; lastKnownFileType = text.plist.xml; path = Info.plist; sourceTree = "<group>"; };
		9DC08B0A2BF6328100F6BB1B /* strada-submitTests.xctest */ = {isa = PBXFileReference; explicitFileType = wrapper.cfbundle; includeInIndex = 0; path = "strada-submitTests.xctest"; sourceTree = BUILT_PRODUCTS_DIR; };
		9DC08B0E2BF6328100F6BB1B /* strada_submitTests.swift */ = {isa = PBXFileReference; lastKnownFileType = sourcecode.swift; path = strada_submitTests.swift; sourceTree = "<group>"; };
		9DC08B142BF6328100F6BB1B /* strada-submitUITests.xctest */ = {isa = PBXFileReference; explicitFileType = wrapper.cfbundle; includeInIndex = 0; path = "strada-submitUITests.xctest"; sourceTree = BUILT_PRODUCTS_DIR; };
		9DC08B182BF6328100F6BB1B /* strada_submitUITests.swift */ = {isa = PBXFileReference; lastKnownFileType = sourcecode.swift; path = strada_submitUITests.swift; sourceTree = "<group>"; };
		9DC08B1A2BF6328100F6BB1B /* strada_submitUITestsLaunchTests.swift */ = {isa = PBXFileReference; lastKnownFileType = sourcecode.swift; path = strada_submitUITestsLaunchTests.swift; sourceTree = "<group>"; };
/* End PBXFileReference section */

/* Begin PBXFrameworksBuildPhase section */
		9DC08AF12BF6328000F6BB1B /* Frameworks */ = {
			isa = PBXFrameworksBuildPhase;
			buildActionMask = 2147483647;
			files = (
			);
			runOnlyForDeploymentPostprocessing = 0;
		};
		9DC08B072BF6328100F6BB1B /* Frameworks */ = {
			isa = PBXFrameworksBuildPhase;
			buildActionMask = 2147483647;
			files = (
			);
			runOnlyForDeploymentPostprocessing = 0;
		};
		9DC08B112BF6328100F6BB1B /* Frameworks */ = {
			isa = PBXFrameworksBuildPhase;
			buildActionMask = 2147483647;
			files = (
			);
			runOnlyForDeploymentPostprocessing = 0;
		};
/* End PBXFrameworksBuildPhase section */

/* Begin PBXGroup section */
		9DC08AEB2BF6328000F6BB1B = {
			isa = PBXGroup;
			children = (
				9DC08AF62BF6328000F6BB1B /* strada-submit */,
				9DC08B0D2BF6328100F6BB1B /* strada-submitTests */,
				9DC08B172BF6328100F6BB1B /* strada-submitUITests */,
				9DC08AF52BF6328000F6BB1B /* Products */,
			);
			sourceTree = "<group>";
		};
		9DC08AF52BF6328000F6BB1B /* Products */ = {
			isa = PBXGroup;
			children = (
				9DC08AF42BF6328000F6BB1B /* strada-submit.app */,
				9DC08B0A2BF6328100F6BB1B /* strada-submitTests.xctest */,
				9DC08B142BF6328100F6BB1B /* strada-submitUITests.xctest */,
			);
			name = Products;
			sourceTree = "<group>";
		};
		9DC08AF62BF6328000F6BB1B /* strada-submit */ = {
			isa = PBXGroup;
			children = (
				9DC08AF72BF6328000F6BB1B /* AppDelegate.swift */,
				9DC08AF92BF6328000F6BB1B /* SceneDelegate.swift */,
				9DC08AFB2BF6328000F6BB1B /* ViewController.swift */,
				9DC08AFD2BF6328000F6BB1B /* Main.storyboard */,
				9DC08B002BF6328100F6BB1B /* Assets.xcassets */,
				9DC08B022BF6328100F6BB1B /* LaunchScreen.storyboard */,
				9DC08B052BF6328100F6BB1B /* Info.plist */,
			);
			path = "strada-submit";
			sourceTree = "<group>";
		};
		9DC08B0D2BF6328100F6BB1B /* strada-submitTests */ = {
			isa = PBXGroup;
			children = (
				9DC08B0E2BF6328100F6BB1B /* strada_submitTests.swift */,
			);
			path = "strada-submitTests";
			sourceTree = "<group>";
		};
		9DC08B172BF6328100F6BB1B /* strada-submitUITests */ = {
			isa = PBXGroup;
			children = (
				9DC08B182BF6328100F6BB1B /* strada_submitUITests.swift */,
				9DC08B1A2BF6328100F6BB1B /* strada_submitUITestsLaunchTests.swift */,
			);
			path = "strada-submitUITests";
			sourceTree = "<group>";
		};
/* End PBXGroup section */

/* Begin PBXNativeTarget section */
		9DC08AF32BF6328000F6BB1B /* strada-submit */ = {
			isa = PBXNativeTarget;
			buildConfigurationList = 9DC08B1E2BF6328100F6BB1B /* Build configuration list for PBXNativeTarget "strada-submit" */;
			buildPhases = (
				9DC08AF02BF6328000F6BB1B /* Sources */,
				9DC08AF12BF6328000F6BB1B /* Frameworks */,
				9DC08AF22BF6328000F6BB1B /* Resources */,
			);
			buildRules = (
			);
			dependencies = (
			);
			name = "strada-submit";
			productName = "strada-submit";
			productReference = 9DC08AF42BF6328000F6BB1B /* strada-submit.app */;
			productType = "com.apple.product-type.application";
		};
		9DC08B092BF6328100F6BB1B /* strada-submitTests */ = {
			isa = PBXNativeTarget;
			buildConfigurationList = 9DC08B212BF6328100F6BB1B /* Build configuration list for PBXNativeTarget "strada-submitTests" */;
			buildPhases = (
				9DC08B062BF6328100F6BB1B /* Sources */,
				9DC08B072BF6328100F6BB1B /* Frameworks */,
				9DC08B082BF6328100F6BB1B /* Resources */,
			);
			buildRules = (
			);
			dependencies = (
				9DC08B0C2BF6328100F6BB1B /* PBXTargetDependency */,
			);
			name = "strada-submitTests";
			productName = "strada-submitTests";
			productReference = 9DC08B0A2BF6328100F6BB1B /* strada-submitTests.xctest */;
			productType = "com.apple.product-type.bundle.unit-test";
		};
		9DC08B132BF6328100F6BB1B /* strada-submitUITests */ = {
			isa = PBXNativeTarget;
			buildConfigurationList = 9DC08B242BF6328100F6BB1B /* Build configuration list for PBXNativeTarget "strada-submitUITests" */;
			buildPhases = (
				9DC08B102BF6328100F6BB1B /* Sources */,
				9DC08B112BF6328100F6BB1B /* Frameworks */,
				9DC08B122BF6328100F6BB1B /* Resources */,
			);
			buildRules = (
			);
			dependencies = (
				9DC08B162BF6328100F6BB1B /* PBXTargetDependency */,
			);
			name = "strada-submitUITests";
			productName = "strada-submitUITests";
			productReference = 9DC08B142BF6328100F6BB1B /* strada-submitUITests.xctest */;
			productType = "com.apple.product-type.bundle.ui-testing";
		};
/* End PBXNativeTarget section */

/* Begin PBXProject section */
		9DC08AEC2BF6328000F6BB1B /* Project object */ = {
			isa = PBXProject;
			attributes = {
				BuildIndependentTargetsInParallel = 1;
				LastSwiftUpdateCheck = 1520;
				LastUpgradeCheck = 1520;
				TargetAttributes = {
					9DC08AF32BF6328000F6BB1B = {
						CreatedOnToolsVersion = 15.2;
					};
					9DC08B092BF6328100F6BB1B = {
						CreatedOnToolsVersion = 15.2;
						TestTargetID = 9DC08AF32BF6328000F6BB1B;
					};
					9DC08B132BF6328100F6BB1B = {
						CreatedOnToolsVersion = 15.2;
						TestTargetID = 9DC08AF32BF6328000F6BB1B;
					};
				};
			};
			buildConfigurationList = 9DC08AEF2BF6328000F6BB1B /* Build configuration list for PBXProject "strada-submit" */;
			compatibilityVersion = "Xcode 14.0";
			developmentRegion = en;
			hasScannedForEncodings = 0;
			knownRegions = (
				en,
				Base,
			);
			mainGroup = 9DC08AEB2BF6328000F6BB1B;
			productRefGroup = 9DC08AF52BF6328000F6BB1B /* Products */;
			projectDirPath = "";
			projectRoot = "";
			targets = (
				9DC08AF32BF6328000F6BB1B /* strada-submit */,
				9DC08B092BF6328100F6BB1B /* strada-submitTests */,
				9DC08B132BF6328100F6BB1B /* strada-submitUITests */,
			);
		};
/* End PBXProject section */

/* Begin PBXResourcesBuildPhase section */
		9DC08AF22BF6328000F6BB1B /* Resources */ = {
			isa = PBXResourcesBuildPhase;
			buildActionMask = 2147483647;
			files = (
				9DC08B042BF6328100F6BB1B /* LaunchScreen.storyboard in Resources */,
				9DC08B012BF6328100F6BB1B /* Assets.xcassets in Resources */,
				9DC08AFF2BF6328000F6BB1B /* Main.storyboard in Resources */,
			);
			runOnlyForDeploymentPostprocessing = 0;
		};
		9DC08B082BF6328100F6BB1B /* Resources */ = {
			isa = PBXResourcesBuildPhase;
			buildActionMask = 2147483647;
			files = (
			);
			runOnlyForDeploymentPostprocessing = 0;
		};
		9DC08B122BF6328100F6BB1B /* Resources */ = {
			isa = PBXResourcesBuildPhase;
			buildActionMask = 2147483647;
			files = (
			);
			runOnlyForDeploymentPostprocessing = 0;
		};
/* End PBXResourcesBuildPhase section */

/* Begin PBXSourcesBuildPhase section */
		9DC08AF02BF6328000F6BB1B /* Sources */ = {
			isa = PBXSourcesBuildPhase;
			buildActionMask = 2147483647;
			files = (
				9DC08AFC2BF6328000F6BB1B /* ViewController.swift in Sources */,
				9DC08AF82BF6328000F6BB1B /* AppDelegate.swift in Sources */,
				9DC08AFA2BF6328000F6BB1B /* SceneDelegate.swift in Sources */,
			);
			runOnlyForDeploymentPostprocessing = 0;
		};
		9DC08B062BF6328100F6BB1B /* Sources */ = {
			isa = PBXSourcesBuildPhase;
			buildActionMask = 2147483647;
			files = (
				9DC08B0F2BF6328100F6BB1B /* strada_submitTests.swift in Sources */,
			);
			runOnlyForDeploymentPostprocessing = 0;
		};
		9DC08B102BF6328100F6BB1B /* Sources */ = {
			isa = PBXSourcesBuildPhase;
			buildActionMask = 2147483647;
			files = (
				9DC08B192BF6328100F6BB1B /* strada_submitUITests.swift in Sources */,
				9DC08B1B2BF6328100F6BB1B /* strada_submitUITestsLaunchTests.swift in Sources */,
			);
			runOnlyForDeploymentPostprocessing = 0;
		};
/* End PBXSourcesBuildPhase section */

/* Begin PBXTargetDependency section */
		9DC08B0C2BF6328100F6BB1B /* PBXTargetDependency */ = {
			isa = PBXTargetDependency;
			target = 9DC08AF32BF6328000F6BB1B /* strada-submit */;
			targetProxy = 9DC08B0B2BF6328100F6BB1B /* PBXContainerItemProxy */;
		};
		9DC08B162BF6328100F6BB1B /* PBXTargetDependency */ = {
			isa = PBXTargetDependency;
			target = 9DC08AF32BF6328000F6BB1B /* strada-submit */;
			targetProxy = 9DC08B152BF6328100F6BB1B /* PBXContainerItemProxy */;
		};
/* End PBXTargetDependency section */

/* Begin PBXVariantGroup section */
		9DC08AFD2BF6328000F6BB1B /* Main.storyboard */ = {
			isa = PBXVariantGroup;
			children = (
				9DC08AFE2BF6328000F6BB1B /* Base */,
			);
			name = Main.storyboard;
			sourceTree = "<group>";
		};
		9DC08B022BF6328100F6BB1B /* LaunchScreen.storyboard */ = {
			isa = PBXVariantGroup;
			children = (
				9DC08B032BF6328100F6BB1B /* Base */,
			);
			name = LaunchScreen.storyboard;
			sourceTree = "<group>";
		};
/* End PBXVariantGroup section */

/* Begin XCBuildConfiguration section */
		9DC08B1C2BF6328100F6BB1B /* Debug */ = {
			isa = XCBuildConfiguration;
			buildSettings = {
				ALWAYS_SEARCH_USER_PATHS = NO;
				ASSETCATALOG_COMPILER_GENERATE_SWIFT_ASSET_SYMBOL_EXTENSIONS = YES;
				CLANG_ANALYZER_NONNULL = YES;
				CLANG_ANALYZER_NUMBER_OBJECT_CONVERSION = YES_AGGRESSIVE;
				CLANG_CXX_LANGUAGE_STANDARD = "gnu++20";
				CLANG_ENABLE_MODULES = YES;
				CLANG_ENABLE_OBJC_ARC = YES;
				CLANG_ENABLE_OBJC_WEAK = YES;
				CLANG_WARN_BLOCK_CAPTURE_AUTORELEASING = YES;
				CLANG_WARN_BOOL_CONVERSION = YES;
				CLANG_WARN_COMMA = YES;
				CLANG_WARN_CONSTANT_CONVERSION = YES;
				CLANG_WARN_DEPRECATED_OBJC_IMPLEMENTATIONS = YES;
				CLANG_WARN_DIRECT_OBJC_ISA_USAGE = YES_ERROR;
				CLANG_WARN_DOCUMENTATION_COMMENTS = YES;
				CLANG_WARN_EMPTY_BODY = YES;
				CLANG_WARN_ENUM_CONVERSION = YES;
				CLANG_WARN_INFINITE_RECURSION = YES;
				CLANG_WARN_INT_CONVERSION = YES;
				CLANG_WARN_NON_LITERAL_NULL_CONVERSION = YES;
				CLANG_WARN_OBJC_IMPLICIT_RETAIN_SELF = YES;
				CLANG_WARN_OBJC_LITERAL_CONVERSION = YES;
				CLANG_WARN_OBJC_ROOT_CLASS = YES_ERROR;
				CLANG_WARN_QUOTED_INCLUDE_IN_FRAMEWORK_HEADER = YES;
				CLANG_WARN_RANGE_LOOP_ANALYSIS = YES;
				CLANG_WARN_STRICT_PROTOTYPES = YES;
				CLANG_WARN_SUSPICIOUS_MOVE = YES;
				CLANG_WARN_UNGUARDED_AVAILABILITY = YES_AGGRESSIVE;
				CLANG_WARN_UNREACHABLE_CODE = YES;
				CLANG_WARN__DUPLICATE_METHOD_MATCH = YES;
				COPY_PHASE_STRIP = NO;
				DEBUG_INFORMATION_FORMAT = dwarf;
				ENABLE_STRICT_OBJC_MSGSEND = YES;
				ENABLE_TESTABILITY = YES;
				ENABLE_USER_SCRIPT_SANDBOXING = YES;
				GCC_C_LANGUAGE_STANDARD = gnu17;
				GCC_DYNAMIC_NO_PIC = NO;
				GCC_NO_COMMON_BLOCKS = YES;
				GCC_OPTIMIZATION_LEVEL = 0;
				GCC_PREPROCESSOR_DEFINITIONS = (
					"DEBUG=1",
					"$(inherited)",
				);
				GCC_WARN_64_TO_32_BIT_CONVERSION = YES;
				GCC_WARN_ABOUT_RETURN_TYPE = YES_ERROR;
				GCC_WARN_UNDECLARED_SELECTOR = YES;
				GCC_WARN_UNINITIALIZED_AUTOS = YES_AGGRESSIVE;
				GCC_WARN_UNUSED_FUNCTION = YES;
				GCC_WARN_UNUSED_VARIABLE = YES;
				IPHONEOS_DEPLOYMENT_TARGET = 17.2;
				LOCALIZATION_PREFERS_STRING_CATALOGS = YES;
				MTL_ENABLE_DEBUG_INFO = INCLUDE_SOURCE;
				MTL_FAST_MATH = YES;
				ONLY_ACTIVE_ARCH = YES;
				SDKROOT = iphoneos;
				SWIFT_ACTIVE_COMPILATION_CONDITIONS = "DEBUG $(inherited)";
				SWIFT_OPTIMIZATION_LEVEL = "-Onone";
			};
			name = Debug;
		};
		9DC08B1D2BF6328100F6BB1B /* Release */ = {
			isa = XCBuildConfiguration;
			buildSettings = {
				ALWAYS_SEARCH_USER_PATHS = NO;
				ASSETCATALOG_COMPILER_GENERATE_SWIFT_ASSET_SYMBOL_EXTENSIONS = YES;
				CLANG_ANALYZER_NONNULL = YES;
				CLANG_ANALYZER_NUMBER_OBJECT_CONVERSION = YES_AGGRESSIVE;
				CLANG_CXX_LANGUAGE_STANDARD = "gnu++20";
				CLANG_ENABLE_MODULES = YES;
				CLANG_ENABLE_OBJC_ARC = YES;
				CLANG_ENABLE_OBJC_WEAK = YES;
				CLANG_WARN_BLOCK_CAPTURE_AUTORELEASING = YES;
				CLANG_WARN_BOOL_CONVERSION = YES;
				CLANG_WARN_COMMA = YES;
				CLANG_WARN_CONSTANT_CONVERSION = YES;
				CLANG_WARN_DEPRECATED_OBJC_IMPLEMENTATIONS = YES;
				CLANG_WARN_DIRECT_OBJC_ISA_USAGE = YES_ERROR;
				CLANG_WARN_DOCUMENTATION_COMMENTS = YES;
				CLANG_WARN_EMPTY_BODY = YES;
				CLANG_WARN_ENUM_CONVERSION = YES;
				CLANG_WARN_INFINITE_RECURSION = YES;
				CLANG_WARN_INT_CONVERSION = YES;
				CLANG_WARN_NON_LITERAL_NULL_CONVERSION = YES;
				CLANG_WARN_OBJC_IMPLICIT_RETAIN_SELF = YES;
				CLANG_WARN_OBJC_LITERAL_CONVERSION = YES;
				CLANG_WARN_OBJC_ROOT_CLASS = YES_ERROR;
				CLANG_WARN_QUOTED_INCLUDE_IN_FRAMEWORK_HEADER = YES;
				CLANG_WARN_RANGE_LOOP_ANALYSIS = YES;
				CLANG_WARN_STRICT_PROTOTYPES = YES;
				CLANG_WARN_SUSPICIOUS_MOVE = YES;
				CLANG_WARN_UNGUARDED_AVAILABILITY = YES_AGGRESSIVE;
				CLANG_WARN_UNREACHABLE_CODE = YES;
				CLANG_WARN__DUPLICATE_METHOD_MATCH = YES;
				COPY_PHASE_STRIP = NO;
				DEBUG_INFORMATION_FORMAT = "dwarf-with-dsym";
				ENABLE_NS_ASSERTIONS = NO;
				ENABLE_STRICT_OBJC_MSGSEND = YES;
				ENABLE_USER_SCRIPT_SANDBOXING = YES;
				GCC_C_LANGUAGE_STANDARD = gnu17;
				GCC_NO_COMMON_BLOCKS = YES;
				GCC_WARN_64_TO_32_BIT_CONVERSION = YES;
				GCC_WARN_ABOUT_RETURN_TYPE = YES_ERROR;
				GCC_WARN_UNDECLARED_SELECTOR = YES;
				GCC_WARN_UNINITIALIZED_AUTOS = YES_AGGRESSIVE;
				GCC_WARN_UNUSED_FUNCTION = YES;
				GCC_WARN_UNUSED_VARIABLE = YES;
				IPHONEOS_DEPLOYMENT_TARGET = 17.2;
				LOCALIZATION_PREFERS_STRING_CATALOGS = YES;
				MTL_ENABLE_DEBUG_INFO = NO;
				MTL_FAST_MATH = YES;
				SDKROOT = iphoneos;
				SWIFT_COMPILATION_MODE = wholemodule;
				VALIDATE_PRODUCT = YES;
			};
			name = Release;
		};
		9DC08B1F2BF6328100F6BB1B /* Debug */ = {
			isa = XCBuildConfiguration;
			buildSettings = {
				ASSETCATALOG_COMPILER_APPICON_NAME = AppIcon;
				ASSETCATALOG_COMPILER_GLOBAL_ACCENT_COLOR_NAME = AccentColor;
				CODE_SIGN_STYLE = Automatic;
				CURRENT_PROJECT_VERSION = 1;
				DEVELOPMENT_TEAM = 874UT85FW7;
				GENERATE_INFOPLIST_FILE = YES;
				INFOPLIST_FILE = "strada-submit/Info.plist";
				INFOPLIST_KEY_UIApplicationSupportsIndirectInputEvents = YES;
				INFOPLIST_KEY_UILaunchStoryboardName = LaunchScreen;
				INFOPLIST_KEY_UIMainStoryboardFile = Main;
				INFOPLIST_KEY_UISupportedInterfaceOrientations_iPad = "UIInterfaceOrientationPortrait UIInterfaceOrientationPortraitUpsideDown UIInterfaceOrientationLandscapeLeft UIInterfaceOrientationLandscapeRight";
				INFOPLIST_KEY_UISupportedInterfaceOrientations_iPhone = "UIInterfaceOrientationPortrait UIInterfaceOrientationLandscapeLeft UIInterfaceOrientationLandscapeRight";
				LD_RUNPATH_SEARCH_PATHS = (
					"$(inherited)",
					"@executable_path/Frameworks",
				);
				MARKETING_VERSION = 1.0;
				PRODUCT_BUNDLE_IDENTIFIER = "indigotech.strada-submit";
				PRODUCT_NAME = "$(TARGET_NAME)";
				SWIFT_EMIT_LOC_STRINGS = YES;
				SWIFT_VERSION = 5.0;
				TARGETED_DEVICE_FAMILY = "1,2";
			};
			name = Debug;
		};
		9DC08B202BF6328100F6BB1B /* Release */ = {
			isa = XCBuildConfiguration;
			buildSettings = {
				ASSETCATALOG_COMPILER_APPICON_NAME = AppIcon;
				ASSETCATALOG_COMPILER_GLOBAL_ACCENT_COLOR_NAME = AccentColor;
				CODE_SIGN_STYLE = Automatic;
				CURRENT_PROJECT_VERSION = 1;
				DEVELOPMENT_TEAM = 874UT85FW7;
				GENERATE_INFOPLIST_FILE = YES;
				INFOPLIST_FILE = "strada-submit/Info.plist";
				INFOPLIST_KEY_UIApplicationSupportsIndirectInputEvents = YES;
				INFOPLIST_KEY_UILaunchStoryboardName = LaunchScreen;
				INFOPLIST_KEY_UIMainStoryboardFile = Main;
				INFOPLIST_KEY_UISupportedInterfaceOrientations_iPad = "UIInterfaceOrientationPortrait UIInterfaceOrientationPortraitUpsideDown UIInterfaceOrientationLandscapeLeft UIInterfaceOrientationLandscapeRight";
				INFOPLIST_KEY_UISupportedInterfaceOrientations_iPhone = "UIInterfaceOrientationPortrait UIInterfaceOrientationLandscapeLeft UIInterfaceOrientationLandscapeRight";
				LD_RUNPATH_SEARCH_PATHS = (
					"$(inherited)",
					"@executable_path/Frameworks",
				);
				MARKETING_VERSION = 1.0;
				PRODUCT_BUNDLE_IDENTIFIER = "indigotech.strada-submit";
				PRODUCT_NAME = "$(TARGET_NAME)";
				SWIFT_EMIT_LOC_STRINGS = YES;
				SWIFT_VERSION = 5.0;
				TARGETED_DEVICE_FAMILY = "1,2";
			};
			name = Release;
		};
		9DC08B222BF6328100F6BB1B /* Debug */ = {
			isa = XCBuildConfiguration;
			buildSettings = {
				ALWAYS_EMBED_SWIFT_STANDARD_LIBRARIES = YES;
				BUNDLE_LOADER = "$(TEST_HOST)";
				CODE_SIGN_STYLE = Automatic;
				CURRENT_PROJECT_VERSION = 1;
				DEVELOPMENT_TEAM = 874UT85FW7;
				GENERATE_INFOPLIST_FILE = YES;
				IPHONEOS_DEPLOYMENT_TARGET = 17.2;
				MARKETING_VERSION = 1.0;
				PRODUCT_BUNDLE_IDENTIFIER = "indigotech.strada-submitTests";
				PRODUCT_NAME = "$(TARGET_NAME)";
				SWIFT_EMIT_LOC_STRINGS = NO;
				SWIFT_VERSION = 5.0;
				TARGETED_DEVICE_FAMILY = "1,2";
				TEST_HOST = "$(BUILT_PRODUCTS_DIR)/strada-submit.app/$(BUNDLE_EXECUTABLE_FOLDER_PATH)/strada-submit";
			};
			name = Debug;
		};
		9DC08B232BF6328100F6BB1B /* Release */ = {
			isa = XCBuildConfiguration;
			buildSettings = {
				ALWAYS_EMBED_SWIFT_STANDARD_LIBRARIES = YES;
				BUNDLE_LOADER = "$(TEST_HOST)";
				CODE_SIGN_STYLE = Automatic;
				CURRENT_PROJECT_VERSION = 1;
				DEVELOPMENT_TEAM = 874UT85FW7;
				GENERATE_INFOPLIST_FILE = YES;
				IPHONEOS_DEPLOYMENT_TARGET = 17.2;
				MARKETING_VERSION = 1.0;
				PRODUCT_BUNDLE_IDENTIFIER = "indigotech.strada-submitTests";
				PRODUCT_NAME = "$(TARGET_NAME)";
				SWIFT_EMIT_LOC_STRINGS = NO;
				SWIFT_VERSION = 5.0;
				TARGETED_DEVICE_FAMILY = "1,2";
				TEST_HOST = "$(BUILT_PRODUCTS_DIR)/strada-submit.app/$(BUNDLE_EXECUTABLE_FOLDER_PATH)/strada-submit";
			};
			name = Release;
		};
		9DC08B252BF6328100F6BB1B /* Debug */ = {
			isa = XCBuildConfiguration;
			buildSettings = {
				ALWAYS_EMBED_SWIFT_STANDARD_LIBRARIES = YES;
				CODE_SIGN_STYLE = Automatic;
				CURRENT_PROJECT_VERSION = 1;
				DEVELOPMENT_TEAM = 874UT85FW7;
				GENERATE_INFOPLIST_FILE = YES;
				MARKETING_VERSION = 1.0;
				PRODUCT_BUNDLE_IDENTIFIER = "indigotech.strada-submitUITests";
				PRODUCT_NAME = "$(TARGET_NAME)";
				SWIFT_EMIT_LOC_STRINGS = NO;
				SWIFT_VERSION = 5.0;
				TARGETED_DEVICE_FAMILY = "1,2";
				TEST_TARGET_NAME = "strada-submit";
			};
			name = Debug;
		};
		9DC08B262BF6328100F6BB1B /* Release */ = {
			isa = XCBuildConfiguration;
			buildSettings = {
				ALWAYS_EMBED_SWIFT_STANDARD_LIBRARIES = YES;
				CODE_SIGN_STYLE = Automatic;
				CURRENT_PROJECT_VERSION = 1;
				DEVELOPMENT_TEAM = 874UT85FW7;
				GENERATE_INFOPLIST_FILE = YES;
				MARKETING_VERSION = 1.0;
				PRODUCT_BUNDLE_IDENTIFIER = "indigotech.strada-submitUITests";
				PRODUCT_NAME = "$(TARGET_NAME)";
				SWIFT_EMIT_LOC_STRINGS = NO;
				SWIFT_VERSION = 5.0;
				TARGETED_DEVICE_FAMILY = "1,2";
				TEST_TARGET_NAME = "strada-submit";
			};
			name = Release;
		};
/* End XCBuildConfiguration section */

/* Begin XCConfigurationList section */
		9DC08AEF2BF6328000F6BB1B /* Build configuration list for PBXProject "strada-submit" */ = {
			isa = XCConfigurationList;
			buildConfigurations = (
				9DC08B1C2BF6328100F6BB1B /* Debug */,
				9DC08B1D2BF6328100F6BB1B /* Release */,
			);
			defaultConfigurationIsVisible = 0;
			defaultConfigurationName = Release;
		};
		9DC08B1E2BF6328100F6BB1B /* Build configuration list for PBXNativeTarget "strada-submit" */ = {
			isa = XCConfigurationList;
			buildConfigurations = (
				9DC08B1F2BF6328100F6BB1B /* Debug */,
				9DC08B202BF6328100F6BB1B /* Release */,
			);
			defaultConfigurationIsVisible = 0;
			defaultConfigurationName = Release;
		};
		9DC08B212BF6328100F6BB1B /* Build configuration list for PBXNativeTarget "strada-submitTests" */ = {
			isa = XCConfigurationList;
			buildConfigurations = (
				9DC08B222BF6328100F6BB1B /* Debug */,
				9DC08B232BF6328100F6BB1B /* Release */,
			);
			defaultConfigurationIsVisible = 0;
			defaultConfigurationName = Release;
		};
		9DC08B242BF6328100F6BB1B /* Build configuration list for PBXNativeTarget "strada-submitUITests" */ = {
			isa = XCConfigurationList;
			buildConfigurations = (
				9DC08B252BF6328100F6BB1B /* Debug */,
				9DC08B262BF6328100F6BB1B /* Release */,
			);
			defaultConfigurationIsVisible = 0;
			defaultConfigurationName = Release;
		};
/* End XCConfigurationList section */
	};
	rootObject = 9DC08AEC2BF6328000F6BB1B /* Project object */;
}
